<?xml version="1.0" encoding="utf-8"?>
<Project ToolsVersion="4.0" xmlns="http://schemas.microsoft.com/developer/msbuild/2003">
  <ItemGroup>
    <ClCompile Include="GameL\Audio.cpp">
      <Filter>リソースファイル</Filter>
    </ClCompile>
    <ClCompile Include="GameL\DirectXDevice.cpp">
      <Filter>リソースファイル</Filter>
    </ClCompile>
    <ClCompile Include="GameL\Draw2DTex_Source.cpp">
      <Filter>リソースファイル</Filter>
    </ClCompile>
    <ClCompile Include="GameL\DrawFont.cpp">
      <Filter>リソースファイル</Filter>
    </ClCompile>
    <ClCompile Include="GameL\DrawTexture.cpp">
      <Filter>リソースファイル</Filter>
    </ClCompile>
    <ClCompile Include="GameL\GameL_Main.cpp">
      <Filter>リソースファイル</Filter>
    </ClCompile>
    <ClCompile Include="GameL\HitBoxManager.cpp">
      <Filter>リソースファイル</Filter>
    </ClCompile>
    <ClCompile Include="GameL\MultiThread.cpp">
      <Filter>リソースファイル</Filter>
    </ClCompile>
    <ClCompile Include="GameL\SceneManager.cpp">
      <Filter>リソースファイル</Filter>
    </ClCompile>
    <ClCompile Include="GameL\SceneObjManager.cpp">
      <Filter>リソースファイル</Filter>
    </ClCompile>
    <ClCompile Include="GameL\SetWindow.cpp">
      <Filter>リソースファイル</Filter>
    </ClCompile>
    <ClCompile Include="GameL\UserData.cpp">
      <Filter>リソースファイル</Filter>
    </ClCompile>
    <ClCompile Include="GameL\WICTextureLoader.cpp">
      <Filter>リソースファイル</Filter>
    </ClCompile>
    <ClCompile Include="GameL\WinInputs.cpp">
      <Filter>リソースファイル</Filter>
    </ClCompile>
    <ClCompile Include="ObjBackGround.cpp">
      <Filter>ソースファイル</Filter>
    </ClCompile>
    <ClCompile Include="Objteki1.cpp">
      <Filter>ソースファイル\シューティング\teki</Filter>
    </ClCompile>
    <ClCompile Include="Game Over.cpp">
      <Filter>ソースファイル\GameOver</Filter>
    </ClCompile>
    <ClCompile Include="GAME OVER2.cpp">
      <Filter>ソースファイル\GameOver</Filter>
    </ClCompile>
    <ClCompile Include="GAMEOVER1.cpp">
      <Filter>ソースファイル\GameOver</Filter>
    </ClCompile>
    <ClCompile Include="GameOver2.cpp">
      <Filter>ソースファイル\GameOver</Filter>
    </ClCompile>
    <ClCompile Include="ObjED1.cpp">
      <Filter>ソースファイル\エンディング</Filter>
    </ClCompile>
    <ClCompile Include="ObjED2.cpp">
      <Filter>ソースファイル\エンディング</Filter>
    </ClCompile>
    <ClCompile Include="ObjMain.cpp">
      <Filter>ソースファイル</Filter>
    </ClCompile>
    <ClCompile Include="ObjTitle.cpp">
      <Filter>ソースファイル</Filter>
    </ClCompile>
    <ClCompile Include="SceneTitle.cpp">
      <Filter>ソースファイル</Filter>
    </ClCompile>
    <ClCompile Include="SceneNazo.cpp">
      <Filter>ソースファイル</Filter>
    </ClCompile>
    <ClCompile Include="ObjMain.cpp">
      <Filter>ソースファイル\ゲームメイン</Filter>
    </ClCompile>
    <ClCompile Include="ObjSTG.cpp" />
    <ClCompile Include="Objteki1.cpp" />
    <ClCompile Include="SceneSTG.cpp" />
    <ClCompile Include="CObjBullet.cpp">
      <Filter>ソースファイル\シューティング</Filter>
    </ClCompile>
    <ClCompile Include="SceneTitle.cpp">
      <Filter>ソースファイル\タイトル</Filter>
    </ClCompile>
    <ClCompile Include="ObjTitle.cpp">
      <Filter>ソースファイル\タイトル</Filter>
    </ClCompile>
    <ClCompile Include="CObjBullteEnemy.cpp">
      <Filter>ソースファイル\シューティング</Filter>
    </ClCompile>
    <ClCompile Include="ObjEnemy2.cpp">
      <Filter>ソースファイル\シューティング</Filter>
    </ClCompile>
    <ClCompile Include="ObjHero.cpp">
      <Filter>ソースファイル\シューティング</Filter>
    </ClCompile>
    <ClCompile Include="SceneNazo.cpp">
      <Filter>ソースファイル\謎解き関係</Filter>
    </ClCompile>
    <ClCompile Include="UtilityModule.cpp">
      <Filter>ソースファイル\シューティング</Filter>
    </ClCompile>
    <ClCompile Include="ObjEnemy2.cpp" />
    <ClCompile Include="ObjSTG.cpp" />
    <ClCompile Include="Objteki1.cpp" />
    <ClCompile Include="SceneSTG.cpp" />
    <ClCompile Include="SceneSTG2.cpp" />
    <ClCompile Include="SceneSTG3.cpp" />
    <ClCompile Include="Game Over.cpp" />
    <ClCompile Include="GAME OVER2.cpp" />
    <ClCompile Include="GAMEOVER1.cpp" />
    <ClCompile Include="GameOver2.cpp" />
    <ClCompile Include="ObjED1.cpp" />
    <ClCompile Include="ObjED3.cpp" />
    <ClCompile Include="ObjED2.cpp" />
    <ClCompile Include="ObjEnemy2.cpp" />
    <ClCompile Include="ObjSTG.cpp" />
    <ClCompile Include="Objteki1.cpp" />
    <ClCompile Include="ObjTenkey.cpp" />
    <ClCompile Include="SceneED2.cpp" />
    <ClCompile Include="SceneED1.cpp" />
    <ClCompile Include="SceneED3.cpp" />
    <ClCompile Include="SceneMain.cpp" />
    <ClCompile Include="SceneSTG.cpp" />
    <ClCompile Include="ObjEnemy4.cpp">
      <Filter>ソースファイル</Filter>
    </ClCompile>
    <ClCompile Include="ObjSTG4.cpp">
      <Filter>ソースファイル</Filter>
    </ClCompile>
    <ClCompile Include="Objteki4.cpp">
      <Filter>ソースファイル</Filter>
    </ClCompile>
    <ClCompile Include="SceneSTG4.cpp">
      <Filter>ソースファイル</Filter>
    </ClCompile>
    <ClCompile Include="CObjBullet.cpp">
      <Filter>ソースファイル</Filter>
    </ClCompile>
    <ClCompile Include="CObjBullteEnemy.cpp">
      <Filter>ソースファイル</Filter>
    </ClCompile>
    <ClCompile Include="ObjEnemy2.cpp">
      <Filter>ソースファイル</Filter>
    </ClCompile>
    <ClCompile Include="ObjHero.cpp">
      <Filter>ソースファイル</Filter>
    </ClCompile>
    <ClCompile Include="ObjSTG.cpp">
      <Filter>ソースファイル</Filter>
    </ClCompile>
    <ClCompile Include="Objteki1.cpp">
      <Filter>ソースファイル</Filter>
    </ClCompile>
    <ClCompile Include="SceneSTG.cpp">
      <Filter>ソースファイル</Filter>
    </ClCompile>
    <ClCompile Include="ShootingMain.cpp">
      <Filter>ソースファイル</Filter>
    </ClCompile>
    <ClCompile Include="UtilityModule.cpp">
      <Filter>ソースファイル</Filter>
    </ClCompile>
  </ItemGroup>
  <ItemGroup>
    <ClInclude Include="GameL\Audio.h">
      <Filter>リソースファイル</Filter>
    </ClInclude>
    <ClInclude Include="GameL\DirectXDevice.h">
      <Filter>リソースファイル</Filter>
    </ClInclude>
    <ClInclude Include="GameL\DirectXTex.h">
      <Filter>リソースファイル</Filter>
    </ClInclude>
    <ClInclude Include="GameL\DrawFont.h">
      <Filter>リソースファイル</Filter>
    </ClInclude>
    <ClInclude Include="GameL\DrawTexture.h">
      <Filter>リソースファイル</Filter>
    </ClInclude>
    <ClInclude Include="GameL\HitBoxManager.h">
      <Filter>リソースファイル</Filter>
    </ClInclude>
    <ClInclude Include="GameL\MultiThread.h">
      <Filter>リソースファイル</Filter>
    </ClInclude>
    <ClInclude Include="GameL\SceneManager.h">
      <Filter>リソースファイル</Filter>
    </ClInclude>
    <ClInclude Include="GameL\SceneObjManager.h">
      <Filter>リソースファイル</Filter>
    </ClInclude>
    <ClInclude Include="GameL\SetWindow.h">
      <Filter>リソースファイル</Filter>
    </ClInclude>
    <ClInclude Include="GameL\UserData.h">
      <Filter>リソースファイル</Filter>
    </ClInclude>
    <ClInclude Include="GameL\WICTextureLoader.h">
      <Filter>リソースファイル</Filter>
    </ClInclude>
    <ClInclude Include="GameL\WinInputs.h">
      <Filter>リソースファイル</Filter>
    </ClInclude>
    <ClInclude Include="GameHead.h">
      <Filter>ヘッダーファイル</Filter>
    </ClInclude>
    <ClInclude Include="main.h">
      <Filter>ヘッダーファイル</Filter>
    </ClInclude>
    <ClInclude Include="ObjBackGround.h">
      <Filter>ヘッダーファイル</Filter>
    </ClInclude>
    <ClInclude Include="Objteki1.h">
      <Filter>ソースファイル\シューティング\teki</Filter>
    </ClInclude>
    <ClInclude Include="GAME OVER2.h">
      <Filter>ソースファイル\GameOver</Filter>
    </ClInclude>
    <ClInclude Include="GameOver.h">
      <Filter>ソースファイル\GameOver</Filter>
    </ClInclude>
    <ClInclude Include="GAMEOVER1.h">
      <Filter>ソースファイル\GameOver</Filter>
    </ClInclude>
    <ClInclude Include="GameOver2.h">
      <Filter>ソースファイル\GameOver</Filter>
    </ClInclude>
    <ClInclude Include="ObjED1.h">
      <Filter>ソースファイル\エンディング</Filter>
    </ClInclude>
    <ClInclude Include="ObjED3.h">
      <Filter>ソースファイル\エンディング</Filter>
    </ClInclude>
    <ClInclude Include="ObjED2.h">
      <Filter>ソースファイル\エンディング</Filter>
    </ClInclude>
    <ClInclude Include="SceneED1.h">
      <Filter>ソースファイル\エンディング</Filter>
    </ClInclude>
    <ClInclude Include="SceneED3.h">
      <Filter>ソースファイル\エンディング</Filter>
    </ClInclude>
    <ClInclude Include="ObjMain.h">
      <Filter>ヘッダーファイル</Filter>
    </ClInclude>
    <ClInclude Include="ObjMain.h">
      <Filter>ソースファイル\ゲームメイン</Filter>
    </ClInclude>
    <ClInclude Include="ObjTitle.h">
      <Filter>ソースファイル\タイトル</Filter>
      <Filter>ヘッダーファイル</Filter>
    </ClInclude>
    <ClInclude Include="SceneNazo.h">
      <Filter>ヘッダーファイル</Filter>
    </ClInclude>
    <ClInclude Include="ObjTenkey.h">
      <Filter>ヘッダーファイル</Filter>
    </ClInclude>
    <ClInclude Include="ObjSTG.h" />
    <ClInclude Include="Objteki1.h" />
    <ClInclude Include="CObjBullteEnemy.h">
      <Filter>ソースファイル\シューティング</Filter>
    </ClInclude>
    <ClInclude Include="ObjEnemy2.h">
      <Filter>ソースファイル\シューティング</Filter>
    </ClInclude>
    <ClInclude Include="CObjBullet.h">
      <Filter>ソースファイル\シューティング</Filter>
    </ClInclude>
    <ClInclude Include="ObjHero.h">
      <Filter>ソースファイル\シューティング</Filter>
    </ClInclude>
    <ClInclude Include="UtilityModule.h">
      <Filter>ソースファイル\シューティング</Filter>
      <Filter>ソースファイル\謎解き関係</Filter>
    </ClInclude>
    <ClInclude Include="SceneNazo.h">
      <Filter>ソースファイル\謎解き関係</Filter>
    </ClInclude>
    <ClInclude Include="ObjEnemy1.h" />
    <ClInclude Include="ObjSTG4.h">
      <Filter>ソースファイル\シューティング\teki4</Filter>
    </ClInclude>
    <ClInclude Include="Objteki4.h">
      <Filter>ソースファイル\シューティング\teki4</Filter>
    </ClInclude>
    <ClInclude Include="SceneSTG4.h">
      <Filter>ソースファイル\シューティング\teki4</Filter>
    </ClInclude>
    <ClInclude Include="ObjEnemy4.h">
      <Filter>ソースファイル\シューティング\teki4</Filter>
    </ClInclude>
    <ClInclude Include="ObjEnemy2.h" />
    <ClInclude Include="ObjSTG.h" />
    <ClInclude Include="Objteki1.h" />
    <ClInclude Include="ObjEnemy1.h">
      <Filter>ソースファイル\シューティング\Enemy</Filter>
    </ClInclude>
    <ClInclude Include="ObjEnemy2.h">
      <Filter>ソースファイル\シューティング\Enemy</Filter>
    </ClInclude>
    <ClInclude Include="ObjEnemy3.h">
      <Filter>ソースファイル\シューティング\Enemy</Filter>
    </ClInclude>
    <ClInclude Include="ObjSTG.h">
      <Filter>ソースファイル\シューティング\STG</Filter>
    </ClInclude>
    <ClInclude Include="ObjSTG2.h">
      <Filter>ソースファイル\シューティング\STG</Filter>
    </ClInclude>
    <ClInclude Include="ObjSTG3.h">
      <Filter>ソースファイル\シューティング\STG</Filter>
    </ClInclude>
    <ClInclude Include="SceneSTG.h">
      <Filter>ソースファイル\シューティング\STG</Filter>
    </ClInclude>
    <ClInclude Include="CObjBullet.h">
      <Filter>ソースファイル\シューティング\Bullet</Filter>
    </ClInclude>
    <ClInclude Include="CObjBullteEnemy.h">
      <Filter>ソースファイル\シューティング\Bullet</Filter>
    </ClInclude>
    <ClInclude Include="Objteki2.h">
      <Filter>ソースファイル\シューティング\teki</Filter>
    </ClInclude>
    <ClInclude Include="Objteki3.h">
      <Filter>ソースファイル\シューティング\teki</Filter>
    </ClInclude>
    <ClInclude Include="Objteki2.h" />
    <ClInclude Include="Objteki3.h" />
    <ClInclude Include="GAME OVER2.h" />
    <ClInclude Include="GameOver.h" />
    <ClInclude Include="GAMEOVER1.h" />
    <ClInclude Include="GameOver2.h" />
    <ClInclude Include="ObjED1.h" />
    <ClInclude Include="ObjED3.h" />
    <ClInclude Include="ObjED2.h" />
    <ClInclude Include="ObjEnemy2.h" />
    <ClInclude Include="Objteki1.h" />
    <ClInclude Include="ObjSTG.h" />
    <ClInclude Include="SceneED2.h" />
    <ClInclude Include="SceneED1.h" />
    <ClInclude Include="SceneED3.h" />
    <ClInclude Include="SceneMain.h" />
    <ClInclude Include="SceneSTG3.h" />
    <ClInclude Include="SceneTitle.h" />
    <ClInclude Include="ObjEnemy4.h">
      <Filter>ソースファイル</Filter>
    </ClInclude>
    <ClInclude Include="ObjSTG4.h">
      <Filter>ソースファイル</Filter>
    </ClInclude>
    <ClInclude Include="Objteki4.h">
      <Filter>ソースファイル</Filter>
    </ClInclude>
    <ClInclude Include="SceneSTG4.h">
      <Filter>ソースファイル</Filter>
    </ClInclude>
    <ClInclude Include="CObjBullet.h">
      <Filter>ソースファイル</Filter>
    </ClInclude>
    <ClInclude Include="CObjBullteEnemy.h">
      <Filter>ソースファイル</Filter>
    </ClInclude>
    <ClInclude Include="ObjEnemy2.h">
      <Filter>ソースファイル</Filter>
    </ClInclude>
    <ClInclude Include="ObjHero.h">
      <Filter>ソースファイル</Filter>
    </ClInclude>
    <ClInclude Include="ObjSTG.h">
      <Filter>ソースファイル</Filter>
    </ClInclude>
    <ClInclude Include="ShootingMain.h">
      <Filter>ソースファイル</Filter>
    </ClInclude>
    <ClInclude Include="UtilityModule.h">
      <Filter>ソースファイル</Filter>
    </ClInclude>
  </ItemGroup>
  <ItemGroup>
    <Filter Include="ソースファイル">
      <UniqueIdentifier>{f3d4e8ef-0a5d-484e-9005-4a2d699c22d6}</UniqueIdentifier>
    </Filter>
    <Filter Include="リソースファイル">
      <UniqueIdentifier>{abc39fff-a87f-49da-985e-a59018175b51}</UniqueIdentifier>
    </Filter>
    <Filter Include="ソースファイル\シューティング">
      <UniqueIdentifier>{3a757d8a-ac74-44c5-84c3-124bf45a0f50}</UniqueIdentifier>
    </Filter>
    <Filter Include="ソースファイル\シューティング\タイトル">
      <UniqueIdentifier>{e9ac1f47-5ae5-41c5-b3b3-4e26569fd365}</UniqueIdentifier>
    </Filter>
    <Filter Include="ソースファイル\シューティング\teki3">
      <UniqueIdentifier>{e2d132bd-a514-4144-b055-d7a936a89ea4}</UniqueIdentifier>
    </Filter>
    <Filter Include="ソースファイル\シューティング\teki4">
      <UniqueIdentifier>{9494fb15-687a-4768-b570-1626d4d58d01}</UniqueIdentifier>
    </Filter>

    <Filter Include="ソースファイル\シューティング\Enemy">
      <UniqueIdentifier>{ae389531-eac9-4983-bc26-2811b8a5f804}</UniqueIdentifier>
    </Filter>
    <Filter Include="ソースファイル\シューティング\STG">
      <UniqueIdentifier>{9e5cfe8f-c569-4f13-a65d-7ebf7c89d099}</UniqueIdentifier>
    </Filter>
    <Filter Include="ソースファイル\シューティング\Bullet">
      <UniqueIdentifier>{d136e73a-e10e-4351-9195-e9155a7ec438}</UniqueIdentifier>
    </Filter>
    <Filter Include="ソースファイル\シューティング\teki">
      <UniqueIdentifier>{d46853c2-5bba-474d-a3cb-1443ae3d398b}</UniqueIdentifier>
    </Filter>
  </ItemGroup>
  <ItemGroup>
    <None Include="GameL\DirectXTex.inl">
      <Filter>リソースファイル</Filter>
    </None>
  </ItemGroup>
  <ItemGroup>
    <Library Include="GameL\DirectXTex.lib">
      <Filter>リソースファイル</Filter>
    </Library>
  </ItemGroup>
</Project>