<?xml version="1.0" encoding="utf-8"?>
<Project ToolsVersion="4.0" xmlns="http://schemas.microsoft.com/developer/msbuild/2003">
  <ItemGroup>
    <ClCompile Include="GameL\Audio.cpp">
      <Filter>リソースファイル</Filter>
    </ClCompile>
    <ClCompile Include="GameL\DirectXDevice.cpp">
      <Filter>リソースファイル</Filter>
    </ClCompile>
    <ClCompile Include="GameL\Draw2DTex_Source.cpp">
      <Filter>リソースファイル</Filter>
    </ClCompile>
    <ClCompile Include="GameL\DrawFont.cpp">
      <Filter>リソースファイル</Filter>
    </ClCompile>
    <ClCompile Include="GameL\DrawTexture.cpp">
      <Filter>リソースファイル</Filter>
    </ClCompile>
    <ClCompile Include="GameL\GameL_Main.cpp">
      <Filter>リソースファイル</Filter>
    </ClCompile>
    <ClCompile Include="GameL\HitBoxManager.cpp">
      <Filter>リソースファイル</Filter>
    </ClCompile>
    <ClCompile Include="GameL\MultiThread.cpp">
      <Filter>リソースファイル</Filter>
    </ClCompile>
    <ClCompile Include="GameL\SceneManager.cpp">
      <Filter>リソースファイル</Filter>
    </ClCompile>
    <ClCompile Include="GameL\SceneObjManager.cpp">
      <Filter>リソースファイル</Filter>
    </ClCompile>
    <ClCompile Include="GameL\SetWindow.cpp">
      <Filter>リソースファイル</Filter>
    </ClCompile>
    <ClCompile Include="ShootingMain.cpp">
      <Filter>リソースファイル</Filter>
    </ClCompile>
    <ClCompile Include="GameL\UserData.cpp">
      <Filter>リソースファイル</Filter>
    </ClCompile>
    <ClCompile Include="GameL\WICTextureLoader.cpp">
      <Filter>リソースファイル</Filter>
    </ClCompile>
    <ClCompile Include="GameL\WinInputs.cpp">
      <Filter>リソースファイル</Filter>
    </ClCompile>
    <ClCompile Include="CObjBullet.cpp">
      <Filter>ソースファイル</Filter>
    </ClCompile>
    <ClCompile Include="Game Over.cpp">
      <Filter>ソースファイル</Filter>
    </ClCompile>
    <ClCompile Include="GAME OVER2.cpp">
      <Filter>ソースファイル</Filter>
    </ClCompile>
    <ClCompile Include="GAMEOVER1.cpp">
      <Filter>ソースファイル</Filter>
    </ClCompile>
    <ClCompile Include="GameOver2.cpp">
      <Filter>ソースファイル</Filter>
    </ClCompile>
    <ClCompile Include="ObjBackGround.cpp">
      <Filter>ソースファイル</Filter>
    </ClCompile>
    <ClCompile Include="ObjED1.cpp">
      <Filter>ソースファイル</Filter>
    </ClCompile>
    <ClCompile Include="ObjED3.cpp">
      <Filter>ソースファイル</Filter>
    </ClCompile>
    <ClCompile Include="ObjED2.cpp">
      <Filter>ソースファイル</Filter>
    </ClCompile>
    <ClCompile Include="ObjHero.cpp">
      <Filter>ソースファイル</Filter>
    </ClCompile>
    <ClCompile Include="ObjMain.cpp">
      <Filter>ソースファイル</Filter>
    </ClCompile>
    <ClCompile Include="ObjTitle.cpp">
      <Filter>ソースファイル</Filter>
    </ClCompile>
    <ClCompile Include="SceneED1.cpp">
      <Filter>ソースファイル</Filter>
    </ClCompile>
    <ClCompile Include="SceneED2.cpp">
      <Filter>ソースファイル</Filter>
    </ClCompile>
    <ClCompile Include="SceneED3.cpp">
      <Filter>ソースファイル</Filter>
    </ClCompile>
    <ClCompile Include="SceneMain.cpp">
      <Filter>ソースファイル</Filter>
    </ClCompile>
    <ClCompile Include="SceneTitle.cpp">
      <Filter>ソースファイル</Filter>
    </ClCompile>
    <ClCompile Include="UtilityModule.cpp">
      <Filter>ソースファイル</Filter>
    </ClCompile>
  </ItemGroup>
  <ItemGroup>
    <ClInclude Include="GameL\Audio.h">
      <Filter>リソースファイル</Filter>
    </ClInclude>
    <ClInclude Include="GameL\DirectXDevice.h">
      <Filter>リソースファイル</Filter>
    </ClInclude>
    <ClInclude Include="GameL\DirectXTex.h">
      <Filter>リソースファイル</Filter>
    </ClInclude>
    <ClInclude Include="GameL\DrawFont.h">
      <Filter>リソースファイル</Filter>
    </ClInclude>
    <ClInclude Include="GameL\DrawTexture.h">
      <Filter>リソースファイル</Filter>
    </ClInclude>
    <ClInclude Include="GameL\HitBoxManager.h">
      <Filter>リソースファイル</Filter>
    </ClInclude>
    <ClInclude Include="GameL\MultiThread.h">
      <Filter>リソースファイル</Filter>
    </ClInclude>
    <ClInclude Include="GameL\SceneManager.h">
      <Filter>リソースファイル</Filter>
    </ClInclude>
    <ClInclude Include="GameL\SceneObjManager.h">
      <Filter>リソースファイル</Filter>
    </ClInclude>
    <ClInclude Include="GameL\SetWindow.h">
      <Filter>リソースファイル</Filter>
    </ClInclude>
    <ClInclude Include="ShootingMain.h">
      <Filter>リソースファイル</Filter>
    </ClInclude>
    <ClInclude Include="GameL\UserData.h">
      <Filter>リソースファイル</Filter>
    </ClInclude>
    <ClInclude Include="GameL\WICTextureLoader.h">
      <Filter>リソースファイル</Filter>
    </ClInclude>
    <ClInclude Include="GameL\WinInputs.h">
      <Filter>リソースファイル</Filter>
    </ClInclude>
    <ClInclude Include="GameHead.h">
      <Filter>ヘッダーファイル</Filter>
    </ClInclude>
    <ClInclude Include="main.h">
      <Filter>ヘッダーファイル</Filter>
    </ClInclude>
    <ClInclude Include="CObjBullet.h">
      <Filter>ヘッダーファイル</Filter>
    </ClInclude>
    <ClInclude Include="GAME OVER2.h">
      <Filter>ヘッダーファイル</Filter>
    </ClInclude>
    <ClInclude Include="GameOver.h">
      <Filter>ヘッダーファイル</Filter>
    </ClInclude>
    <ClInclude Include="GAMEOVER1.h">
      <Filter>ヘッダーファイル</Filter>
    </ClInclude>
    <ClInclude Include="GameOver2.h">
      <Filter>ヘッダーファイル</Filter>
    </ClInclude>
    <ClInclude Include="ObjBackGround.h">
      <Filter>ヘッダーファイル</Filter>
    </ClInclude>
    <ClInclude Include="ObjED1.h">
      <Filter>ヘッダーファイル</Filter>
    </ClInclude>
    <ClInclude Include="ObjED2.h">
      <Filter>ヘッダーファイル</Filter>
    </ClInclude>
    <ClInclude Include="ObjED3.h">
      <Filter>ヘッダーファイル</Filter>
    </ClInclude>
    <ClInclude Include="ObjHero.h">
      <Filter>ヘッダーファイル</Filter>
    </ClInclude>
    <ClInclude Include="ObjMain.h">
      <Filter>ヘッダーファイル</Filter>
    </ClInclude>
    <ClInclude Include="ObjTitle.h">
      <Filter>ヘッダーファイル</Filter>
    </ClInclude>
    <ClInclude Include="SceneED1.h">
      <Filter>ヘッダーファイル</Filter>
    </ClInclude>
    <ClInclude Include="SceneED2.h">
      <Filter>ヘッダーファイル</Filter>
    </ClInclude>
    <ClInclude Include="SceneED3.h">
      <Filter>ヘッダーファイル</Filter>
    </ClInclude>
    <ClInclude Include="SceneMain.h">
      <Filter>ヘッダーファイル</Filter>
    </ClInclude>
    <ClInclude Include="SceneTitle.h">
      <Filter>ヘッダーファイル</Filter>
    </ClInclude>
    <ClInclude Include="UtilityModule.h">
      <Filter>ヘッダーファイル</Filter>
    </ClInclude>
  </ItemGroup>
  <ItemGroup>
    <Filter Include="ソースファイル">
      <UniqueIdentifier>{f3d4e8ef-0a5d-484e-9005-4a2d699c22d6}</UniqueIdentifier>
    </Filter>
    <Filter Include="ヘッダーファイル">
      <UniqueIdentifier>{16e9a129-79ff-494a-82f1-7aa272afcd28}</UniqueIdentifier>
    </Filter>
    <Filter Include="リソースファイル">
      <UniqueIdentifier>{abc39fff-a87f-49da-985e-a59018175b51}</UniqueIdentifier>
    </Filter>
  </ItemGroup>
  <ItemGroup>
    <None Include="GameL\DirectXTex.inl">
      <Filter>リソースファイル</Filter>
    </None>
  </ItemGroup>
  <ItemGroup>
    <Library Include="GameL\DirectXTex.lib">
      <Filter>リソースファイル</Filter>
    </Library>
  </ItemGroup>
</Project>