<?xml version="1.0" encoding="utf-8"?>
<Project ToolsVersion="4.0" xmlns="http://schemas.microsoft.com/developer/msbuild/2003">
  <ItemGroup>
    <Filter Include="ヘッダー ファイル">
      <UniqueIdentifier>{93995380-89BD-4b04-88EB-625FBE52EBFB}</UniqueIdentifier>
      <Extensions>h;hh;hpp;hxx;hm;inl;inc;xsd</Extensions>
    </Filter>
    <Filter Include="リソース ファイル">
      <UniqueIdentifier>{67DA6AB6-F800-4c08-8B7A-83BB121AAD01}</UniqueIdentifier>
      <Extensions>rc;ico;cur;bmp;dlg;rc2;rct;bin;rgs;gif;jpg;jpeg;jpe;resx;tiff;tif;png;wav;mfcribbon-ms</Extensions>
    </Filter>
    <Filter Include="ソース ファイル">
      <UniqueIdentifier>{4FC737F1-C7A5-4376-A066-2A32D752A2FF}</UniqueIdentifier>
      <Extensions>cpp;c;cc;cxx;def;odl;idl;hpj;bat;asm;asmx</Extensions>
    </Filter>
    <Filter Include="ソース ファイル\タイトル">
      <UniqueIdentifier>{16c0f645-267a-4c4a-bb1a-7594b14652ef}</UniqueIdentifier>
    </Filter>
    <Filter Include="ソース ファイル\ゲームオーバー">
      <UniqueIdentifier>{fd25106e-d3d8-48bb-b47c-89d4c00cbbe6}</UniqueIdentifier>
    </Filter>
    <Filter Include="ソース ファイル\ゲームメイン">
      <UniqueIdentifier>{84846a55-7710-480e-bfbb-90e622db6432}</UniqueIdentifier>
    </Filter>
    <Filter Include="ソース ファイル\シューティング">
      <UniqueIdentifier>{7616779f-9769-4162-adb1-f13ce870649d}</UniqueIdentifier>
    </Filter>
  </ItemGroup>
  <ItemGroup>
    <ClCompile Include="GameL\Audio.cpp">
      <Filter>リソース ファイル</Filter>
    </ClCompile>
    <ClCompile Include="GameL\DirectXDevice.cpp">
      <Filter>リソース ファイル</Filter>
    </ClCompile>
    <ClCompile Include="GameL\Draw2DTex_Source.cpp">
      <Filter>リソース ファイル</Filter>
    </ClCompile>
    <ClCompile Include="GameL\DrawFont.cpp">
      <Filter>リソース ファイル</Filter>
    </ClCompile>
    <ClCompile Include="GameL\DrawTexture.cpp">
      <Filter>リソース ファイル</Filter>
    </ClCompile>
    <ClCompile Include="GameL\GameL_Main.cpp">
      <Filter>リソース ファイル</Filter>
    </ClCompile>
    <ClCompile Include="GameL\HitBoxManager.cpp">
      <Filter>リソース ファイル</Filter>
    </ClCompile>
    <ClCompile Include="GameL\MultiThread.cpp">
      <Filter>リソース ファイル</Filter>
    </ClCompile>
    <ClCompile Include="GameL\SceneManager.cpp">
      <Filter>リソース ファイル</Filter>
    </ClCompile>
    <ClCompile Include="GameL\SceneObjManager.cpp">
      <Filter>リソース ファイル</Filter>
    </ClCompile>
    <ClCompile Include="GameL\SetWindow.cpp">
      <Filter>リソース ファイル</Filter>
    </ClCompile>
    <ClCompile Include="GameL\UserData.cpp">
      <Filter>リソース ファイル</Filter>
    </ClCompile>
    <ClCompile Include="GameL\WICTextureLoader.cpp">
      <Filter>リソース ファイル</Filter>
    </ClCompile>
    <ClCompile Include="GameL\WinInputs.cpp">
      <Filter>リソース ファイル</Filter>
    </ClCompile>
    <ClCompile Include="CObjBullet.cpp">
      <Filter>ソース ファイル\シューティング</Filter>
    </ClCompile>
    <ClCompile Include="Game Over.cpp">
      <Filter>ソース ファイル\ゲームオーバー</Filter>
    </ClCompile>
    <ClCompile Include="GAMEOVER1.cpp">
      <Filter>ソース ファイル\ゲームオーバー</Filter>
    </ClCompile>
    <ClCompile Include="ObjHero.cpp">
      <Filter>ソース ファイル\シューティング</Filter>
    </ClCompile>
    <ClCompile Include="ObjMain.cpp">
      <Filter>ソース ファイル\ゲームメイン</Filter>
    </ClCompile>
    <ClCompile Include="ObjTitle.cpp">
      <Filter>ソース ファイル\タイトル</Filter>
    </ClCompile>
    <ClCompile Include="SceneMain.cpp">
      <Filter>ソース ファイル\ゲームメイン</Filter>
    </ClCompile>
    <ClCompile Include="SceneTitle.cpp">
      <Filter>ソース ファイル\タイトル</Filter>
    </ClCompile>
    <ClCompile Include="ShootingMain.cpp">
      <Filter>ソース ファイル\シューティング</Filter>
    </ClCompile>
    <ClCompile Include="UtilityModule.cpp">
      <Filter>ソース ファイル\シューティング</Filter>
    </ClCompile>
    <ClCompile Include="ObjBackGround.cpp">
      <Filter>ソース ファイル</Filter>
    </ClCompile>
    <ClCompile Include="GAME OVER2.cpp">
      <Filter>ソース ファイル</Filter>
    </ClCompile>
    <ClCompile Include="GameOver2.cpp">
      <Filter>ソース ファイル</Filter>
    </ClCompile>
  </ItemGroup>
  <ItemGroup>
    <ClInclude Include="GameL\Audio.h">
      <Filter>リソース ファイル</Filter>
    </ClInclude>
    <ClInclude Include="GameL\DirectXDevice.h">
      <Filter>リソース ファイル</Filter>
    </ClInclude>
    <ClInclude Include="GameL\DirectXTex.h">
      <Filter>リソース ファイル</Filter>
    </ClInclude>
    <ClInclude Include="GameL\DrawFont.h">
      <Filter>リソース ファイル</Filter>
    </ClInclude>
    <ClInclude Include="GameL\DrawTexture.h">
      <Filter>リソース ファイル</Filter>
    </ClInclude>
    <ClInclude Include="GameL\HitBoxManager.h">
      <Filter>リソース ファイル</Filter>
    </ClInclude>
    <ClInclude Include="GameL\MultiThread.h">
      <Filter>リソース ファイル</Filter>
    </ClInclude>
    <ClInclude Include="GameL\SceneManager.h">
      <Filter>リソース ファイル</Filter>
    </ClInclude>
    <ClInclude Include="GameL\SceneObjManager.h">
      <Filter>リソース ファイル</Filter>
    </ClInclude>
    <ClInclude Include="GameL\SetWindow.h">
      <Filter>リソース ファイル</Filter>
    </ClInclude>
    <ClInclude Include="GameL\UserData.h">
      <Filter>リソース ファイル</Filter>
    </ClInclude>
    <ClInclude Include="GameL\WICTextureLoader.h">
      <Filter>リソース ファイル</Filter>
    </ClInclude>
    <ClInclude Include="GameL\WinInputs.h">
      <Filter>リソース ファイル</Filter>
    </ClInclude>
    <ClInclude Include="GameHead.h">
      <Filter>ヘッダー ファイル</Filter>
    </ClInclude>
    <ClInclude Include="main.h">
      <Filter>ヘッダー ファイル</Filter>
    </ClInclude>
    <ClInclude Include="CObjBullet.h">
      <Filter>ソース ファイル\シューティング</Filter>
    </ClInclude>
    <ClInclude Include="GAMEOVER1.h">
      <Filter>ソース ファイル\ゲームオーバー</Filter>
    </ClInclude>
    <ClInclude Include="GameOver.h">
      <Filter>ソース ファイル\ゲームオーバー</Filter>
    </ClInclude>
    <ClInclude Include="ObjHero.h">
      <Filter>ソース ファイル\シューティング</Filter>
    </ClInclude>
    <ClInclude Include="ObjMain.h">
      <Filter>ソース ファイル\ゲームメイン</Filter>
    </ClInclude>
    <ClInclude Include="SceneMain.h">
      <Filter>ソース ファイル\ゲームメイン</Filter>
    </ClInclude>
    <ClInclude Include="ObjTitle.h">
      <Filter>ソース ファイル\タイトル</Filter>
    </ClInclude>
    <ClInclude Include="SceneTitle.h">
      <Filter>ソース ファイル\タイトル</Filter>
    </ClInclude>
    <ClInclude Include="ShootingMain.h">
      <Filter>ソース ファイル\シューティング</Filter>
    </ClInclude>
    <ClInclude Include="UtilityModule.h">
      <Filter>ソース ファイル\シューティング</Filter>
    </ClInclude>
    <ClInclude Include="ObjBackGround.h">
      <Filter>ソース ファイル</Filter>
    </ClInclude>
    <ClInclude Include="GAME OVER2.h">
      <Filter>ヘッダー ファイル</Filter>
    </ClInclude>
    <ClInclude Include="GameOver2.h">
      <Filter>ヘッダー ファイル</Filter>
    </ClInclude>
  </ItemGroup>
  <ItemGroup>
    <None Include="GameL\DirectXTex.inl">
      <Filter>リソース ファイル</Filter>
    </None>
  </ItemGroup>
  <ItemGroup>
    <Library Include="GameL\DirectXTex.lib">
      <Filter>リソース ファイル</Filter>
    </Library>
  </ItemGroup>
</Project>